
Microsoft Visual Studio Solution File, Format Version 12.00
# Visual Studio Version 17
VisualStudioVersion = 17.6.33723.286
MinimumVisualStudioVersion = 10.0.40219.1
Project("{9A19103F-16F7-4668-BE54-9A1E7A4F7556}") = "OOD_Project_Backend", "OOD_Project_Backend\OOD_Project_Backend.csproj", "{735B5F66-6D4B-447D-8016-4A12393CA92A}"
EndProject
Project("{9A19103F-16F7-4668-BE54-9A1E7A4F7556}") = "OOD_Project_Backend.Tests", "OOD_Project_Backend.Tests\OOD_Project_Backend.Tests.csproj", "{98CC52DB-8DAA-4303-B54C-1CA9F086FD3F}"
EndProject
Project("{2150E333-8FDC-42A3-9474-1A3956D46DE8}") = "Test", "Test", "{5CA663F9-0267-4BF5-B9E6-3BE91A3FF4A4}"
EndProject
Global
	GlobalSection(SolutionConfigurationPlatforms) = preSolution
		Debug|Any CPU = Debug|Any CPU
		Release|Any CPU = Release|Any CPU
	EndGlobalSection
	GlobalSection(ProjectConfigurationPlatforms) = postSolution
		{735B5F66-6D4B-447D-8016-4A12393CA92A}.Debug|Any CPU.ActiveCfg = Debug|Any CPU
		{735B5F66-6D4B-447D-8016-4A12393CA92A}.Debug|Any CPU.Build.0 = Debug|Any CPU
		{735B5F66-6D4B-447D-8016-4A12393CA92A}.Release|Any CPU.ActiveCfg = Release|Any CPU
		{735B5F66-6D4B-447D-8016-4A12393CA92A}.Release|Any CPU.Build.0 = Release|Any CPU
		{98CC52DB-8DAA-4303-B54C-1CA9F086FD3F}.Debug|Any CPU.ActiveCfg = Debug|Any CPU
		{98CC52DB-8DAA-4303-B54C-1CA9F086FD3F}.Debug|Any CPU.Build.0 = Debug|Any CPU
		{98CC52DB-8DAA-4303-B54C-1CA9F086FD3F}.Release|Any CPU.ActiveCfg = Release|Any CPU
		{98CC52DB-8DAA-4303-B54C-1CA9F086FD3F}.Release|Any CPU.Build.0 = Release|Any CPU
	EndGlobalSection
	GlobalSection(SolutionProperties) = preSolution
		HideSolutionNode = FALSE
	EndGlobalSection
	GlobalSection(NestedProjects) = preSolution
		{98CC52DB-8DAA-4303-B54C-1CA9F086FD3F} = {5CA663F9-0267-4BF5-B9E6-3BE91A3FF4A4}
	EndGlobalSection
	GlobalSection(ExtensibilityGlobals) = postSolution
		SolutionGuid = {0EF4E5C4-F05B-4BFF-AEE6-6136E88A017F}
	EndGlobalSection
EndGlobal
